
Microsoft Visual Studio Solution File, Format Version 12.00
# Visual Studio Version 17
VisualStudioVersion = 17.14.36414.22 d17.14
MinimumVisualStudioVersion = 10.0.40219.1
Project("{FAE04EC0-301F-11D3-BF4B-00C04F79EFBC}") = "Task_2EF", "Task_2EF\Task_2EF.csproj", "{B664D34D-DF7E-4830-8378-354A8A95EC20}"
EndProject
Global
	GlobalSection(SolutionConfigurationPlatforms) = preSolution
		Debug|Any CPU = Debug|Any CPU
		Release|Any CPU = Release|Any CPU
	EndGlobalSection
	GlobalSection(ProjectConfigurationPlatforms) = postSolution
		{B664D34D-DF7E-4830-8378-354A8A95EC20}.Debug|Any CPU.ActiveCfg = Debug|Any CPU
		{B664D34D-DF7E-4830-8378-354A8A95EC20}.Debug|Any CPU.Build.0 = Debug|Any CPU
		{B664D34D-DF7E-4830-8378-354A8A95EC20}.Release|Any CPU.ActiveCfg = Release|Any CPU
		{B664D34D-DF7E-4830-8378-354A8A95EC20}.Release|Any CPU.Build.0 = Release|Any CPU
	EndGlobalSection
	GlobalSection(SolutionProperties) = preSolution
		HideSolutionNode = FALSE
	EndGlobalSection
	GlobalSection(ExtensibilityGlobals) = postSolution
		SolutionGuid = {995E871E-CD6F-4686-8734-835729861F71}
	EndGlobalSection
EndGlobal
